
Microsoft Visual Studio Solution File, Format Version 12.00
# Visual Studio 15
VisualStudioVersion = 15.0.27130.2027
MinimumVisualStudioVersion = 10.0.40219.1
Project("{FAE04EC0-301F-11D3-BF4B-00C04F79EFBC}") = "phoneword.Android", "phoneword\phoneword.Android\phoneword.Android.csproj", "{F2013919-3FA7-4E1F-9C65-16608F3BD6D1}"
EndProject
Project("{FAE04EC0-301F-11D3-BF4B-00C04F79EFBC}") = "phoneword.iOS", "phoneword\phoneword.iOS\phoneword.iOS.csproj", "{256F2576-4920-4BC1-B823-CBEF45B77AA7}"
EndProject
Project("{FAE04EC0-301F-11D3-BF4B-00C04F79EFBC}") = "phoneword.UWP", "phoneword\phoneword.UWP\phoneword.UWP.csproj", "{390D951C-9365-46B0-9DE6-BC4096B7ECE1}"
EndProject
Project("{FAE04EC0-301F-11D3-BF4B-00C04F79EFBC}") = "phoneword", "phoneword\phoneword\phoneword.csproj", "{29B4C8D0-940A-4DE5-846E-D042ABF32B88}"
EndProject
Global
	GlobalSection(SolutionConfigurationPlatforms) = preSolution
		Ad-Hoc|Any CPU = Ad-Hoc|Any CPU
		Ad-Hoc|ARM = Ad-Hoc|ARM
		Ad-Hoc|iPhone = Ad-Hoc|iPhone
		Ad-Hoc|iPhoneSimulator = Ad-Hoc|iPhoneSimulator
		Ad-Hoc|x64 = Ad-Hoc|x64
		Ad-Hoc|x86 = Ad-Hoc|x86
		AppStore|Any CPU = AppStore|Any CPU
		AppStore|ARM = AppStore|ARM
		AppStore|iPhone = AppStore|iPhone
		AppStore|iPhoneSimulator = AppStore|iPhoneSimulator
		AppStore|x64 = AppStore|x64
		AppStore|x86 = AppStore|x86
		Debug|Any CPU = Debug|Any CPU
		Debug|ARM = Debug|ARM
		Debug|iPhone = Debug|iPhone
		Debug|iPhoneSimulator = Debug|iPhoneSimulator
		Debug|x64 = Debug|x64
		Debug|x86 = Debug|x86
		Release|Any CPU = Release|Any CPU
		Release|ARM = Release|ARM
		Release|iPhone = Release|iPhone
		Release|iPhoneSimulator = Release|iPhoneSimulator
		Release|x64 = Release|x64
		Release|x86 = Release|x86
	EndGlobalSection
	GlobalSection(ProjectConfigurationPlatforms) = postSolution
		{F2013919-3FA7-4E1F-9C65-16608F3BD6D1}.Ad-Hoc|Any CPU.ActiveCfg = Release|Any CPU
		{F2013919-3FA7-4E1F-9C65-16608F3BD6D1}.Ad-Hoc|Any CPU.Build.0 = Release|Any CPU
		{F2013919-3FA7-4E1F-9C65-16608F3BD6D1}.Ad-Hoc|Any CPU.Deploy.0 = Release|Any CPU
		{F2013919-3FA7-4E1F-9C65-16608F3BD6D1}.Ad-Hoc|ARM.ActiveCfg = Release|Any CPU
		{F2013919-3FA7-4E1F-9C65-16608F3BD6D1}.Ad-Hoc|ARM.Build.0 = Release|Any CPU
		{F2013919-3FA7-4E1F-9C65-16608F3BD6D1}.Ad-Hoc|ARM.Deploy.0 = Release|Any CPU
		{F2013919-3FA7-4E1F-9C65-16608F3BD6D1}.Ad-Hoc|iPhone.ActiveCfg = Release|Any CPU
		{F2013919-3FA7-4E1F-9C65-16608F3BD6D1}.Ad-Hoc|iPhone.Build.0 = Release|Any CPU
		{F2013919-3FA7-4E1F-9C65-16608F3BD6D1}.Ad-Hoc|iPhone.Deploy.0 = Release|Any CPU
		{F2013919-3FA7-4E1F-9C65-16608F3BD6D1}.Ad-Hoc|iPhoneSimulator.ActiveCfg = Release|Any CPU
		{F2013919-3FA7-4E1F-9C65-16608F3BD6D1}.Ad-Hoc|iPhoneSimulator.Build.0 = Release|Any CPU
		{F2013919-3FA7-4E1F-9C65-16608F3BD6D1}.Ad-Hoc|iPhoneSimulator.Deploy.0 = Release|Any CPU
		{F2013919-3FA7-4E1F-9C65-16608F3BD6D1}.Ad-Hoc|x64.ActiveCfg = Release|Any CPU
		{F2013919-3FA7-4E1F-9C65-16608F3BD6D1}.Ad-Hoc|x64.Build.0 = Release|Any CPU
		{F2013919-3FA7-4E1F-9C65-16608F3BD6D1}.Ad-Hoc|x64.Deploy.0 = Release|Any CPU
		{F2013919-3FA7-4E1F-9C65-16608F3BD6D1}.Ad-Hoc|x86.ActiveCfg = Release|Any CPU
		{F2013919-3FA7-4E1F-9C65-16608F3BD6D1}.Ad-Hoc|x86.Build.0 = Release|Any CPU
		{F2013919-3FA7-4E1F-9C65-16608F3BD6D1}.Ad-Hoc|x86.Deploy.0 = Release|Any CPU
		{F2013919-3FA7-4E1F-9C65-16608F3BD6D1}.AppStore|Any CPU.ActiveCfg = Release|Any CPU
		{F2013919-3FA7-4E1F-9C65-16608F3BD6D1}.AppStore|Any CPU.Build.0 = Release|Any CPU
		{F2013919-3FA7-4E1F-9C65-16608F3BD6D1}.AppStore|Any CPU.Deploy.0 = Release|Any CPU
		{F2013919-3FA7-4E1F-9C65-16608F3BD6D1}.AppStore|ARM.ActiveCfg = Release|Any CPU
		{F2013919-3FA7-4E1F-9C65-16608F3BD6D1}.AppStore|ARM.Build.0 = Release|Any CPU
		{F2013919-3FA7-4E1F-9C65-16608F3BD6D1}.AppStore|ARM.Deploy.0 = Release|Any CPU
		{F2013919-3FA7-4E1F-9C65-16608F3BD6D1}.AppStore|iPhone.ActiveCfg = Release|Any CPU
		{F2013919-3FA7-4E1F-9C65-16608F3BD6D1}.AppStore|iPhone.Build.0 = Release|Any CPU
		{F2013919-3FA7-4E1F-9C65-16608F3BD6D1}.AppStore|iPhone.Deploy.0 = Release|Any CPU
		{F2013919-3FA7-4E1F-9C65-16608F3BD6D1}.AppStore|iPhoneSimulator.ActiveCfg = Release|Any CPU
		{F2013919-3FA7-4E1F-9C65-16608F3BD6D1}.AppStore|iPhoneSimulator.Build.0 = Release|Any CPU
		{F2013919-3FA7-4E1F-9C65-16608F3BD6D1}.AppStore|iPhoneSimulator.Deploy.0 = Release|Any CPU
		{F2013919-3FA7-4E1F-9C65-16608F3BD6D1}.AppStore|x64.ActiveCfg = Release|Any CPU
		{F2013919-3FA7-4E1F-9C65-16608F3BD6D1}.AppStore|x64.Build.0 = Release|Any CPU
		{F2013919-3FA7-4E1F-9C65-16608F3BD6D1}.AppStore|x64.Deploy.0 = Release|Any CPU
		{F2013919-3FA7-4E1F-9C65-16608F3BD6D1}.AppStore|x86.ActiveCfg = Release|Any CPU
		{F2013919-3FA7-4E1F-9C65-16608F3BD6D1}.AppStore|x86.Build.0 = Release|Any CPU
		{F2013919-3FA7-4E1F-9C65-16608F3BD6D1}.AppStore|x86.Deploy.0 = Release|Any CPU
		{F2013919-3FA7-4E1F-9C65-16608F3BD6D1}.Debug|Any CPU.ActiveCfg = Debug|Any CPU
		{F2013919-3FA7-4E1F-9C65-16608F3BD6D1}.Debug|Any CPU.Build.0 = Debug|Any CPU
		{F2013919-3FA7-4E1F-9C65-16608F3BD6D1}.Debug|Any CPU.Deploy.0 = Debug|Any CPU
		{F2013919-3FA7-4E1F-9C65-16608F3BD6D1}.Debug|ARM.ActiveCfg = Debug|Any CPU
		{F2013919-3FA7-4E1F-9C65-16608F3BD6D1}.Debug|ARM.Build.0 = Debug|Any CPU
		{F2013919-3FA7-4E1F-9C65-16608F3BD6D1}.Debug|ARM.Deploy.0 = Debug|Any CPU
		{F2013919-3FA7-4E1F-9C65-16608F3BD6D1}.Debug|iPhone.ActiveCfg = Debug|Any CPU
		{F2013919-3FA7-4E1F-9C65-16608F3BD6D1}.Debug|iPhone.Build.0 = Debug|Any CPU
		{F2013919-3FA7-4E1F-9C65-16608F3BD6D1}.Debug|iPhone.Deploy.0 = Debug|Any CPU
		{F2013919-3FA7-4E1F-9C65-16608F3BD6D1}.Debug|iPhoneSimulator.ActiveCfg = Debug|Any CPU
		{F2013919-3FA7-4E1F-9C65-16608F3BD6D1}.Debug|iPhoneSimulator.Build.0 = Debug|Any CPU
		{F2013919-3FA7-4E1F-9C65-16608F3BD6D1}.Debug|iPhoneSimulator.Deploy.0 = Debug|Any CPU
		{F2013919-3FA7-4E1F-9C65-16608F3BD6D1}.Debug|x64.ActiveCfg = Debug|Any CPU
		{F2013919-3FA7-4E1F-9C65-16608F3BD6D1}.Debug|x64.Build.0 = Debug|Any CPU
		{F2013919-3FA7-4E1F-9C65-16608F3BD6D1}.Debug|x64.Deploy.0 = Debug|Any CPU
		{F2013919-3FA7-4E1F-9C65-16608F3BD6D1}.Debug|x86.ActiveCfg = Debug|Any CPU
		{F2013919-3FA7-4E1F-9C65-16608F3BD6D1}.Debug|x86.Build.0 = Debug|Any CPU
		{F2013919-3FA7-4E1F-9C65-16608F3BD6D1}.Debug|x86.Deploy.0 = Debug|Any CPU
		{F2013919-3FA7-4E1F-9C65-16608F3BD6D1}.Release|Any CPU.ActiveCfg = Release|Any CPU
		{F2013919-3FA7-4E1F-9C65-16608F3BD6D1}.Release|Any CPU.Build.0 = Release|Any CPU
		{F2013919-3FA7-4E1F-9C65-16608F3BD6D1}.Release|Any CPU.Deploy.0 = Release|Any CPU
		{F2013919-3FA7-4E1F-9C65-16608F3BD6D1}.Release|ARM.ActiveCfg = Release|Any CPU
		{F2013919-3FA7-4E1F-9C65-16608F3BD6D1}.Release|ARM.Build.0 = Release|Any CPU
		{F2013919-3FA7-4E1F-9C65-16608F3BD6D1}.Release|ARM.Deploy.0 = Release|Any CPU
		{F2013919-3FA7-4E1F-9C65-16608F3BD6D1}.Release|iPhone.ActiveCfg = Release|Any CPU
		{F2013919-3FA7-4E1F-9C65-16608F3BD6D1}.Release|iPhone.Build.0 = Release|Any CPU
		{F2013919-3FA7-4E1F-9C65-16608F3BD6D1}.Release|iPhone.Deploy.0 = Release|Any CPU
		{F2013919-3FA7-4E1F-9C65-16608F3BD6D1}.Release|iPhoneSimulator.ActiveCfg = Release|Any CPU
		{F2013919-3FA7-4E1F-9C65-16608F3BD6D1}.Release|iPhoneSimulator.Build.0 = Release|Any CPU
		{F2013919-3FA7-4E1F-9C65-16608F3BD6D1}.Release|iPhoneSimulator.Deploy.0 = Release|Any CPU
		{F2013919-3FA7-4E1F-9C65-16608F3BD6D1}.Release|x64.ActiveCfg = Release|Any CPU
		{F2013919-3FA7-4E1F-9C65-16608F3BD6D1}.Release|x64.Build.0 = Release|Any CPU
		{F2013919-3FA7-4E1F-9C65-16608F3BD6D1}.Release|x64.Deploy.0 = Release|Any CPU
		{F2013919-3FA7-4E1F-9C65-16608F3BD6D1}.Release|x86.ActiveCfg = Release|Any CPU
		{F2013919-3FA7-4E1F-9C65-16608F3BD6D1}.Release|x86.Build.0 = Release|Any CPU
		{F2013919-3FA7-4E1F-9C65-16608F3BD6D1}.Release|x86.Deploy.0 = Release|Any CPU
		{256F2576-4920-4BC1-B823-CBEF45B77AA7}.Ad-Hoc|Any CPU.ActiveCfg = Ad-Hoc|iPhone
		{256F2576-4920-4BC1-B823-CBEF45B77AA7}.Ad-Hoc|ARM.ActiveCfg = Ad-Hoc|iPhone
		{256F2576-4920-4BC1-B823-CBEF45B77AA7}.Ad-Hoc|iPhone.ActiveCfg = Ad-Hoc|iPhone
		{256F2576-4920-4BC1-B823-CBEF45B77AA7}.Ad-Hoc|iPhone.Build.0 = Ad-Hoc|iPhone
		{256F2576-4920-4BC1-B823-CBEF45B77AA7}.Ad-Hoc|iPhoneSimulator.ActiveCfg = Ad-Hoc|iPhoneSimulator
		{256F2576-4920-4BC1-B823-CBEF45B77AA7}.Ad-Hoc|iPhoneSimulator.Build.0 = Ad-Hoc|iPhoneSimulator
		{256F2576-4920-4BC1-B823-CBEF45B77AA7}.Ad-Hoc|x64.ActiveCfg = Ad-Hoc|iPhone
		{256F2576-4920-4BC1-B823-CBEF45B77AA7}.Ad-Hoc|x86.ActiveCfg = Ad-Hoc|iPhone
		{256F2576-4920-4BC1-B823-CBEF45B77AA7}.AppStore|Any CPU.ActiveCfg = AppStore|iPhone
		{256F2576-4920-4BC1-B823-CBEF45B77AA7}.AppStore|ARM.ActiveCfg = AppStore|iPhone
		{256F2576-4920-4BC1-B823-CBEF45B77AA7}.AppStore|iPhone.ActiveCfg = AppStore|iPhone
		{256F2576-4920-4BC1-B823-CBEF45B77AA7}.AppStore|iPhone.Build.0 = AppStore|iPhone
		{256F2576-4920-4BC1-B823-CBEF45B77AA7}.AppStore|iPhoneSimulator.ActiveCfg = AppStore|iPhoneSimulator
		{256F2576-4920-4BC1-B823-CBEF45B77AA7}.AppStore|iPhoneSimulator.Build.0 = AppStore|iPhoneSimulator
		{256F2576-4920-4BC1-B823-CBEF45B77AA7}.AppStore|x64.ActiveCfg = AppStore|iPhone
		{256F2576-4920-4BC1-B823-CBEF45B77AA7}.AppStore|x86.ActiveCfg = AppStore|iPhone
		{256F2576-4920-4BC1-B823-CBEF45B77AA7}.Debug|Any CPU.ActiveCfg = Debug|iPhone
		{256F2576-4920-4BC1-B823-CBEF45B77AA7}.Debug|ARM.ActiveCfg = Debug|iPhone
		{256F2576-4920-4BC1-B823-CBEF45B77AA7}.Debug|iPhone.ActiveCfg = Debug|iPhone
		{256F2576-4920-4BC1-B823-CBEF45B77AA7}.Debug|iPhone.Build.0 = Debug|iPhone
		{256F2576-4920-4BC1-B823-CBEF45B77AA7}.Debug|iPhoneSimulator.ActiveCfg = Debug|iPhoneSimulator
		{256F2576-4920-4BC1-B823-CBEF45B77AA7}.Debug|iPhoneSimulator.Build.0 = Debug|iPhoneSimulator
		{256F2576-4920-4BC1-B823-CBEF45B77AA7}.Debug|x64.ActiveCfg = Debug|iPhone
		{256F2576-4920-4BC1-B823-CBEF45B77AA7}.Debug|x86.ActiveCfg = Debug|iPhone
		{256F2576-4920-4BC1-B823-CBEF45B77AA7}.Release|Any CPU.ActiveCfg = Release|iPhone
		{256F2576-4920-4BC1-B823-CBEF45B77AA7}.Release|ARM.ActiveCfg = Release|iPhone
		{256F2576-4920-4BC1-B823-CBEF45B77AA7}.Release|iPhone.ActiveCfg = Release|iPhone
		{256F2576-4920-4BC1-B823-CBEF45B77AA7}.Release|iPhone.Build.0 = Release|iPhone
		{256F2576-4920-4BC1-B823-CBEF45B77AA7}.Release|iPhoneSimulator.ActiveCfg = Release|iPhoneSimulator
		{256F2576-4920-4BC1-B823-CBEF45B77AA7}.Release|iPhoneSimulator.Build.0 = Release|iPhoneSimulator
		{256F2576-4920-4BC1-B823-CBEF45B77AA7}.Release|x64.ActiveCfg = Release|iPhone
		{256F2576-4920-4BC1-B823-CBEF45B77AA7}.Release|x86.ActiveCfg = Release|iPhone
		{390D951C-9365-46B0-9DE6-BC4096B7ECE1}.Ad-Hoc|Any CPU.ActiveCfg = Release|x86
		{390D951C-9365-46B0-9DE6-BC4096B7ECE1}.Ad-Hoc|Any CPU.Build.0 = Release|x86
		{390D951C-9365-46B0-9DE6-BC4096B7ECE1}.Ad-Hoc|Any CPU.Deploy.0 = Release|x86
		{390D951C-9365-46B0-9DE6-BC4096B7ECE1}.Ad-Hoc|ARM.ActiveCfg = Release|ARM
		{390D951C-9365-46B0-9DE6-BC4096B7ECE1}.Ad-Hoc|ARM.Build.0 = Release|ARM
		{390D951C-9365-46B0-9DE6-BC4096B7ECE1}.Ad-Hoc|ARM.Deploy.0 = Release|ARM
		{390D951C-9365-46B0-9DE6-BC4096B7ECE1}.Ad-Hoc|iPhone.ActiveCfg = Release|x86
		{390D951C-9365-46B0-9DE6-BC4096B7ECE1}.Ad-Hoc|iPhone.Build.0 = Release|x86
		{390D951C-9365-46B0-9DE6-BC4096B7ECE1}.Ad-Hoc|iPhone.Deploy.0 = Release|x86
		{390D951C-9365-46B0-9DE6-BC4096B7ECE1}.Ad-Hoc|iPhoneSimulator.ActiveCfg = Release|x86
		{390D951C-9365-46B0-9DE6-BC4096B7ECE1}.Ad-Hoc|iPhoneSimulator.Build.0 = Release|x86
		{390D951C-9365-46B0-9DE6-BC4096B7ECE1}.Ad-Hoc|iPhoneSimulator.Deploy.0 = Release|x86
		{390D951C-9365-46B0-9DE6-BC4096B7ECE1}.Ad-Hoc|x64.ActiveCfg = Release|x64
		{390D951C-9365-46B0-9DE6-BC4096B7ECE1}.Ad-Hoc|x64.Build.0 = Release|x64
		{390D951C-9365-46B0-9DE6-BC4096B7ECE1}.Ad-Hoc|x64.Deploy.0 = Release|x64
		{390D951C-9365-46B0-9DE6-BC4096B7ECE1}.Ad-Hoc|x86.ActiveCfg = Release|x86
		{390D951C-9365-46B0-9DE6-BC4096B7ECE1}.Ad-Hoc|x86.Build.0 = Release|x86
		{390D951C-9365-46B0-9DE6-BC4096B7ECE1}.Ad-Hoc|x86.Deploy.0 = Release|x86
		{390D951C-9365-46B0-9DE6-BC4096B7ECE1}.AppStore|Any CPU.ActiveCfg = Release|x86
		{390D951C-9365-46B0-9DE6-BC4096B7ECE1}.AppStore|Any CPU.Build.0 = Release|x86
		{390D951C-9365-46B0-9DE6-BC4096B7ECE1}.AppStore|Any CPU.Deploy.0 = Release|x86
		{390D951C-9365-46B0-9DE6-BC4096B7ECE1}.AppStore|ARM.ActiveCfg = Release|ARM
		{390D951C-9365-46B0-9DE6-BC4096B7ECE1}.AppStore|ARM.Build.0 = Release|ARM
		{390D951C-9365-46B0-9DE6-BC4096B7ECE1}.AppStore|ARM.Deploy.0 = Release|ARM
		{390D951C-9365-46B0-9DE6-BC4096B7ECE1}.AppStore|iPhone.ActiveCfg = Release|x86
		{390D951C-9365-46B0-9DE6-BC4096B7ECE1}.AppStore|iPhone.Build.0 = Release|x86
		{390D951C-9365-46B0-9DE6-BC4096B7ECE1}.AppStore|iPhone.Deploy.0 = Release|x86
		{390D951C-9365-46B0-9DE6-BC4096B7ECE1}.AppStore|iPhoneSimulator.ActiveCfg = Release|x86
		{390D951C-9365-46B0-9DE6-BC4096B7ECE1}.AppStore|iPhoneSimulator.Build.0 = Release|x86
		{390D951C-9365-46B0-9DE6-BC4096B7ECE1}.AppStore|iPhoneSimulator.Deploy.0 = Release|x86
		{390D951C-9365-46B0-9DE6-BC4096B7ECE1}.AppStore|x64.ActiveCfg = Release|x64
		{390D951C-9365-46B0-9DE6-BC4096B7ECE1}.AppStore|x64.Build.0 = Release|x64
		{390D951C-9365-46B0-9DE6-BC4096B7ECE1}.AppStore|x64.Deploy.0 = Release|x64
		{390D951C-9365-46B0-9DE6-BC4096B7ECE1}.AppStore|x86.ActiveCfg = Release|x86
		{390D951C-9365-46B0-9DE6-BC4096B7ECE1}.AppStore|x86.Build.0 = Release|x86
		{390D951C-9365-46B0-9DE6-BC4096B7ECE1}.AppStore|x86.Deploy.0 = Release|x86
		{390D951C-9365-46B0-9DE6-BC4096B7ECE1}.Debug|Any CPU.ActiveCfg = Debug|x86
		{390D951C-9365-46B0-9DE6-BC4096B7ECE1}.Debug|ARM.ActiveCfg = Debug|ARM
		{390D951C-9365-46B0-9DE6-BC4096B7ECE1}.Debug|ARM.Build.0 = Debug|ARM
		{390D951C-9365-46B0-9DE6-BC4096B7ECE1}.Debug|ARM.Deploy.0 = Debug|ARM
		{390D951C-9365-46B0-9DE6-BC4096B7ECE1}.Debug|iPhone.ActiveCfg = Debug|x86
		{390D951C-9365-46B0-9DE6-BC4096B7ECE1}.Debug|iPhoneSimulator.ActiveCfg = Debug|x86
		{390D951C-9365-46B0-9DE6-BC4096B7ECE1}.Debug|x64.ActiveCfg = Debug|x64
		{390D951C-9365-46B0-9DE6-BC4096B7ECE1}.Debug|x64.Build.0 = Debug|x64
		{390D951C-9365-46B0-9DE6-BC4096B7ECE1}.Debug|x64.Deploy.0 = Debug|x64
		{390D951C-9365-46B0-9DE6-BC4096B7ECE1}.Debug|x86.ActiveCfg = Debug|x86
		{390D951C-9365-46B0-9DE6-BC4096B7ECE1}.Debug|x86.Build.0 = Debug|x86
		{390D951C-9365-46B0-9DE6-BC4096B7ECE1}.Debug|x86.Deploy.0 = Debug|x86
		{390D951C-9365-46B0-9DE6-BC4096B7ECE1}.Release|Any CPU.ActiveCfg = Release|x86
		{390D951C-9365-46B0-9DE6-BC4096B7ECE1}.Release|ARM.ActiveCfg = Release|ARM
		{390D951C-9365-46B0-9DE6-BC4096B7ECE1}.Release|ARM.Build.0 = Release|ARM
		{390D951C-9365-46B0-9DE6-BC4096B7ECE1}.Release|ARM.Deploy.0 = Release|ARM
		{390D951C-9365-46B0-9DE6-BC4096B7ECE1}.Release|iPhone.ActiveCfg = Release|x86
		{390D951C-9365-46B0-9DE6-BC4096B7ECE1}.Release|iPhoneSimulator.ActiveCfg = Release|x86
		{390D951C-9365-46B0-9DE6-BC4096B7ECE1}.Release|x64.ActiveCfg = Release|x64
		{390D951C-9365-46B0-9DE6-BC4096B7ECE1}.Release|x64.Build.0 = Release|x64
		{390D951C-9365-46B0-9DE6-BC4096B7ECE1}.Release|x64.Deploy.0 = Release|x64
		{390D951C-9365-46B0-9DE6-BC4096B7ECE1}.Release|x86.ActiveCfg = Release|x86
		{390D951C-9365-46B0-9DE6-BC4096B7ECE1}.Release|x86.Build.0 = Release|x86
		{390D951C-9365-46B0-9DE6-BC4096B7ECE1}.Release|x86.Deploy.0 = Release|x86
		{29B4C8D0-940A-4DE5-846E-D042ABF32B88}.Ad-Hoc|Any CPU.ActiveCfg = Debug|Any CPU
		{29B4C8D0-940A-4DE5-846E-D042ABF32B88}.Ad-Hoc|Any CPU.Build.0 = Debug|Any CPU
		{29B4C8D0-940A-4DE5-846E-D042ABF32B88}.Ad-Hoc|ARM.ActiveCfg = Debug|Any CPU
		{29B4C8D0-940A-4DE5-846E-D042ABF32B88}.Ad-Hoc|ARM.Build.0 = Debug|Any CPU
		{29B4C8D0-940A-4DE5-846E-D042ABF32B88}.Ad-Hoc|iPhone.ActiveCfg = Debug|Any CPU
		{29B4C8D0-940A-4DE5-846E-D042ABF32B88}.Ad-Hoc|iPhone.Build.0 = Debug|Any CPU
		{29B4C8D0-940A-4DE5-846E-D042ABF32B88}.Ad-Hoc|iPhoneSimulator.ActiveCfg = Debug|Any CPU
		{29B4C8D0-940A-4DE5-846E-D042ABF32B88}.Ad-Hoc|iPhoneSimulator.Build.0 = Debug|Any CPU
		{29B4C8D0-940A-4DE5-846E-D042ABF32B88}.Ad-Hoc|x64.ActiveCfg = Debug|Any CPU
		{29B4C8D0-940A-4DE5-846E-D042ABF32B88}.Ad-Hoc|x64.Build.0 = Debug|Any CPU
		{29B4C8D0-940A-4DE5-846E-D042ABF32B88}.Ad-Hoc|x86.ActiveCfg = Debug|Any CPU
		{29B4C8D0-940A-4DE5-846E-D042ABF32B88}.Ad-Hoc|x86.Build.0 = Debug|Any CPU
		{29B4C8D0-940A-4DE5-846E-D042ABF32B88}.AppStore|Any CPU.ActiveCfg = Debug|Any CPU
		{29B4C8D0-940A-4DE5-846E-D042ABF32B88}.AppStore|Any CPU.Build.0 = Debug|Any CPU
		{29B4C8D0-940A-4DE5-846E-D042ABF32B88}.AppStore|ARM.ActiveCfg = Debug|Any CPU
		{29B4C8D0-940A-4DE5-846E-D042ABF32B88}.AppStore|ARM.Build.0 = Debug|Any CPU
		{29B4C8D0-940A-4DE5-846E-D042ABF32B88}.AppStore|iPhone.ActiveCfg = Debug|Any CPU
		{29B4C8D0-940A-4DE5-846E-D042ABF32B88}.AppStore|iPhone.Build.0 = Debug|Any CPU
		{29B4C8D0-940A-4DE5-846E-D042ABF32B88}.AppStore|iPhoneSimulator.ActiveCfg = Debug|Any CPU
		{29B4C8D0-940A-4DE5-846E-D042ABF32B88}.AppStore|iPhoneSimulator.Build.0 = Debug|Any CPU
		{29B4C8D0-940A-4DE5-846E-D042ABF32B88}.AppStore|x64.ActiveCfg = Debug|Any CPU
		{29B4C8D0-940A-4DE5-846E-D042ABF32B88}.AppStore|x64.Build.0 = Debug|Any CPU
		{29B4C8D0-940A-4DE5-846E-D042ABF32B88}.AppStore|x86.ActiveCfg = Debug|Any CPU
		{29B4C8D0-940A-4DE5-846E-D042ABF32B88}.AppStore|x86.Build.0 = Debug|Any CPU
		{29B4C8D0-940A-4DE5-846E-D042ABF32B88}.Debug|Any CPU.ActiveCfg = Debug|Any CPU
		{29B4C8D0-940A-4DE5-846E-D042ABF32B88}.Debug|Any CPU.Build.0 = Debug|Any CPU
		{29B4C8D0-940A-4DE5-846E-D042ABF32B88}.Debug|ARM.ActiveCfg = Debug|Any CPU
		{29B4C8D0-940A-4DE5-846E-D042ABF32B88}.Debug|ARM.Build.0 = Debug|Any CPU
		{29B4C8D0-940A-4DE5-846E-D042ABF32B88}.Debug|iPhone.ActiveCfg = Debug|Any CPU
		{29B4C8D0-940A-4DE5-846E-D042ABF32B88}.Debug|iPhone.Build.0 = Debug|Any CPU
		{29B4C8D0-940A-4DE5-846E-D042ABF32B88}.Debug|iPhoneSimulator.ActiveCfg = Debug|Any CPU
		{29B4C8D0-940A-4DE5-846E-D042ABF32B88}.Debug|iPhoneSimulator.Build.0 = Debug|Any CPU
		{29B4C8D0-940A-4DE5-846E-D042ABF32B88}.Debug|x64.ActiveCfg = Debug|Any CPU
		{29B4C8D0-940A-4DE5-846E-D042ABF32B88}.Debug|x64.Build.0 = Debug|Any CPU
		{29B4C8D0-940A-4DE5-846E-D042ABF32B88}.Debug|x86.ActiveCfg = Debug|Any CPU
		{29B4C8D0-940A-4DE5-846E-D042ABF32B88}.Debug|x86.Build.0 = Debug|Any CPU
		{29B4C8D0-940A-4DE5-846E-D042ABF32B88}.Release|Any CPU.ActiveCfg = Release|Any CPU
		{29B4C8D0-940A-4DE5-846E-D042ABF32B88}.Release|Any CPU.Build.0 = Release|Any CPU
		{29B4C8D0-940A-4DE5-846E-D042ABF32B88}.Release|ARM.ActiveCfg = Release|Any CPU
		{29B4C8D0-940A-4DE5-846E-D042ABF32B88}.Release|ARM.Build.0 = Release|Any CPU
		{29B4C8D0-940A-4DE5-846E-D042ABF32B88}.Release|iPhone.ActiveCfg = Release|Any CPU
		{29B4C8D0-940A-4DE5-846E-D042ABF32B88}.Release|iPhone.Build.0 = Release|Any CPU
		{29B4C8D0-940A-4DE5-846E-D042ABF32B88}.Release|iPhoneSimulator.ActiveCfg = Release|Any CPU
		{29B4C8D0-940A-4DE5-846E-D042ABF32B88}.Release|iPhoneSimulator.Build.0 = Release|Any CPU
		{29B4C8D0-940A-4DE5-846E-D042ABF32B88}.Release|x64.ActiveCfg = Release|Any CPU
		{29B4C8D0-940A-4DE5-846E-D042ABF32B88}.Release|x64.Build.0 = Release|Any CPU
		{29B4C8D0-940A-4DE5-846E-D042ABF32B88}.Release|x86.ActiveCfg = Release|Any CPU
		{29B4C8D0-940A-4DE5-846E-D042ABF32B88}.Release|x86.Build.0 = Release|Any CPU
	EndGlobalSection
	GlobalSection(SolutionProperties) = preSolution
		HideSolutionNode = FALSE
	EndGlobalSection
	GlobalSection(ExtensibilityGlobals) = postSolution
		SolutionGuid = {7D5CAFEA-F7FE-434E-985F-6DF753A91B23}
	EndGlobalSection
EndGlobal
